
Microsoft Visual Studio Solution File, Format Version 12.00
# Visual Studio Version 16
VisualStudioVersion = 16.0.31004.235
MinimumVisualStudioVersion = 10.0.40219.1
Project("{FAE04EC0-301F-11D3-BF4B-00C04F79EFBC}") = "MyGenerator", "MyGenerator\MyGenerator.csproj", "{7D8EB22D-F98D-4862-84B5-F10FF20A939B}"
EndProject
Global
	GlobalSection(SolutionConfigurationPlatforms) = preSolution
		Debug|Any CPU = Debug|Any CPU
		Release|Any CPU = Release|Any CPU
	EndGlobalSection
	GlobalSection(ProjectConfigurationPlatforms) = postSolution
		{7D8EB22D-F98D-4862-84B5-F10FF20A939B}.Debug|Any CPU.ActiveCfg = Debug|Any CPU
		{7D8EB22D-F98D-4862-84B5-F10FF20A939B}.Debug|Any CPU.Build.0 = Debug|Any CPU
		{7D8EB22D-F98D-4862-84B5-F10FF20A939B}.Release|Any CPU.ActiveCfg = Release|Any CPU
		{7D8EB22D-F98D-4862-84B5-F10FF20A939B}.Release|Any CPU.Build.0 = Release|Any CPU
	EndGlobalSection
	GlobalSection(SolutionProperties) = preSolution
		HideSolutionNode = FALSE
	EndGlobalSection
	GlobalSection(ExtensibilityGlobals) = postSolution
		SolutionGuid = {9642C2DB-79F4-46A4-A479-8A0974CF105C}
	EndGlobalSection
EndGlobal
